
Microsoft Visual Studio Solution File, Format Version 12.00
# Visual Studio Version 17
VisualStudioVersion = 17.14.37111.16 d17.14
MinimumVisualStudioVersion = 10.0.40219.1
Project("{FAE04EC0-301F-11D3-BF4B-00C04F79EFBC}") = "Bohorquez_Camila_2p", "Bohorquez_Camila_2p\Bohorquez_Camila_2p.csproj", "{5F36887F-0D5D-40FD-A565-10DAF6095736}"
EndProject
Global
	GlobalSection(SolutionConfigurationPlatforms) = preSolution
		Debug|Any CPU = Debug|Any CPU
		Release|Any CPU = Release|Any CPU
	EndGlobalSection
	GlobalSection(ProjectConfigurationPlatforms) = postSolution
		{5F36887F-0D5D-40FD-A565-10DAF6095736}.Debug|Any CPU.ActiveCfg = Debug|Any CPU
		{5F36887F-0D5D-40FD-A565-10DAF6095736}.Debug|Any CPU.Build.0 = Debug|Any CPU
		{5F36887F-0D5D-40FD-A565-10DAF6095736}.Release|Any CPU.ActiveCfg = Release|Any CPU
		{5F36887F-0D5D-40FD-A565-10DAF6095736}.Release|Any CPU.Build.0 = Release|Any CPU
	EndGlobalSection
	GlobalSection(SolutionProperties) = preSolution
		HideSolutionNode = FALSE
	EndGlobalSection
	GlobalSection(ExtensibilityGlobals) = postSolution
		SolutionGuid = {FDAFA068-39C7-45CD-A948-DEC0779B2B60}
	EndGlobalSection
EndGlobal
